
Microsoft Visual Studio Solution File, Format Version 12.00
Project("{FAE04EC0-301F-11D3-BF4B-00C04F79EFBC}") = "Server.Api", "Server.Api\Server.Api.csproj", "{20361610-82D5-4676-803D-B86459A03483}"
EndProject
Project("{FAE04EC0-301F-11D3-BF4B-00C04F79EFBC}") = "Tuna.Model", "Tuna.Model\Tuna.Model.csproj", "{4A7CC942-4FF0-4738-8776-0C106A554532}"
EndProject
Project("{FAE04EC0-301F-11D3-BF4B-00C04F79EFBC}") = "Tuna.Repository.InMemory", "Tuna.Repository.InMemory\Tuna.Repository.InMemory.csproj", "{5E2FC745-C2D7-4862-B535-84CA29C33C8A}"
EndProject
Project("{FAE04EC0-301F-11D3-BF4B-00C04F79EFBC}") = "Tuna.Model.Tests", "Tuna.Model.Tests\Tuna.Model.Tests.csproj", "{DF5382BB-46F2-46D6-AA3E-C5C3B193EC31}"
EndProject
Project("{FAE04EC0-301F-11D3-BF4B-00C04F79EFBC}") = "Tuna.Model.EventHandlers", "Tuna.Model.EventHandlers\Tuna.Model.EventHandlers.csproj", "{E870B159-90B7-4494-BCD4-E3D49DF373D1}"
EndProject
Project("{FAE04EC0-301F-11D3-BF4B-00C04F79EFBC}") = "Tuna.Repository.PostgreSQL", "Tuna.Repository.PostgreSQL\Tuna.Repository.PostgreSQL.csproj", "{6F87770B-D38C-4034-BD07-8EDC893FA80C}"
EndProject
Global
	GlobalSection(SolutionConfigurationPlatforms) = preSolution
		Debug|Any CPU = Debug|Any CPU
		Release|Any CPU = Release|Any CPU
	EndGlobalSection
	GlobalSection(ProjectConfigurationPlatforms) = postSolution
		{20361610-82D5-4676-803D-B86459A03483}.Debug|Any CPU.ActiveCfg = Debug|Any CPU
		{20361610-82D5-4676-803D-B86459A03483}.Debug|Any CPU.Build.0 = Debug|Any CPU
		{20361610-82D5-4676-803D-B86459A03483}.Release|Any CPU.ActiveCfg = Release|Any CPU
		{20361610-82D5-4676-803D-B86459A03483}.Release|Any CPU.Build.0 = Release|Any CPU
		{4A7CC942-4FF0-4738-8776-0C106A554532}.Debug|Any CPU.ActiveCfg = Debug|Any CPU
		{4A7CC942-4FF0-4738-8776-0C106A554532}.Debug|Any CPU.Build.0 = Debug|Any CPU
		{4A7CC942-4FF0-4738-8776-0C106A554532}.Release|Any CPU.ActiveCfg = Release|Any CPU
		{4A7CC942-4FF0-4738-8776-0C106A554532}.Release|Any CPU.Build.0 = Release|Any CPU
		{5E2FC745-C2D7-4862-B535-84CA29C33C8A}.Debug|Any CPU.ActiveCfg = Debug|Any CPU
		{5E2FC745-C2D7-4862-B535-84CA29C33C8A}.Debug|Any CPU.Build.0 = Debug|Any CPU
		{5E2FC745-C2D7-4862-B535-84CA29C33C8A}.Release|Any CPU.ActiveCfg = Release|Any CPU
		{5E2FC745-C2D7-4862-B535-84CA29C33C8A}.Release|Any CPU.Build.0 = Release|Any CPU
		{DF5382BB-46F2-46D6-AA3E-C5C3B193EC31}.Debug|Any CPU.ActiveCfg = Debug|Any CPU
		{DF5382BB-46F2-46D6-AA3E-C5C3B193EC31}.Debug|Any CPU.Build.0 = Debug|Any CPU
		{DF5382BB-46F2-46D6-AA3E-C5C3B193EC31}.Release|Any CPU.ActiveCfg = Release|Any CPU
		{DF5382BB-46F2-46D6-AA3E-C5C3B193EC31}.Release|Any CPU.Build.0 = Release|Any CPU
		{E870B159-90B7-4494-BCD4-E3D49DF373D1}.Debug|Any CPU.ActiveCfg = Debug|Any CPU
		{E870B159-90B7-4494-BCD4-E3D49DF373D1}.Debug|Any CPU.Build.0 = Debug|Any CPU
		{E870B159-90B7-4494-BCD4-E3D49DF373D1}.Release|Any CPU.ActiveCfg = Release|Any CPU
		{E870B159-90B7-4494-BCD4-E3D49DF373D1}.Release|Any CPU.Build.0 = Release|Any CPU
		{6F87770B-D38C-4034-BD07-8EDC893FA80C}.Debug|Any CPU.ActiveCfg = Debug|Any CPU
		{6F87770B-D38C-4034-BD07-8EDC893FA80C}.Debug|Any CPU.Build.0 = Debug|Any CPU
		{6F87770B-D38C-4034-BD07-8EDC893FA80C}.Release|Any CPU.ActiveCfg = Release|Any CPU
		{6F87770B-D38C-4034-BD07-8EDC893FA80C}.Release|Any CPU.Build.0 = Release|Any CPU
	EndGlobalSection
EndGlobal
